// !$*UTF8*$!
{
	archiveVersion = 1;
	classes = {
	};
	objectVersion = 56;
	objects = {

/* Begin PBXBuildFile section */
		8F7CD9C82981F4C000E27DC2 /* AppDelegate.swift in Sources */ = {isa = PBXBuildFile; fileRef = 8F7CD9C72981F4C000E27DC2 /* AppDelegate.swift */; };
		8F7CD9CA2981F4C000E27DC2 /* GameScene.sks in Resources */ = {isa = PBXBuildFile; fileRef = 8F7CD9C92981F4C000E27DC2 /* GameScene.sks */; };
		8F7CD9CE2981F4C000E27DC2 /* GameScene.swift in Sources */ = {isa = PBXBuildFile; fileRef = 8F7CD9CD2981F4C000E27DC2 /* GameScene.swift */; };
		8F7CD9D02981F4C000E27DC2 /* GameViewController.swift in Sources */ = {isa = PBXBuildFile; fileRef = 8F7CD9CF2981F4C000E27DC2 /* GameViewController.swift */; };
		8F7CD9D32981F4C000E27DC2 /* Main.storyboard in Resources */ = {isa = PBXBuildFile; fileRef = 8F7CD9D12981F4C000E27DC2 /* Main.storyboard */; };
		8F7CD9D52981F4C000E27DC2 /* Assets.xcassets in Resources */ = {isa = PBXBuildFile; fileRef = 8F7CD9D42981F4C000E27DC2 /* Assets.xcassets */; };
		8F7CD9D82981F4C000E27DC2 /* LaunchScreen.storyboard in Resources */ = {isa = PBXBuildFile; fileRef = 8F7CD9D62981F4C000E27DC2 /* LaunchScreen.storyboard */; };
		8F7CDA1A2981F4F100E27DC2 /* bullet.png in Resources */ = {isa = PBXBuildFile; fileRef = 8F7CD9E02981F4F100E27DC2 /* bullet.png */; };
		8F7CDA1B2981F4F100E27DC2 /* plane3.png in Resources */ = {isa = PBXBuildFile; fileRef = 8F7CD9E12981F4F100E27DC2 /* plane3.png */; };
		8F7CDA1C2981F4F100E27DC2 /* plane2.png in Resources */ = {isa = PBXBuildFile; fileRef = 8F7CD9E22981F4F100E27DC2 /* plane2.png */; };
		8F7CDA1D2981F4F100E27DC2 /* plane1.png in Resources */ = {isa = PBXBuildFile; fileRef = 8F7CD9E32981F4F100E27DC2 /* plane1.png */; };
		8F7CDA1E2981F4F100E27DC2 /* backButton.png in Resources */ = {isa = PBXBuildFile; fileRef = 8F7CD9E42981F4F100E27DC2 /* backButton.png */; };
		8F7CDA1F2981F4F100E27DC2 /* plane.png in Resources */ = {isa = PBXBuildFile; fileRef = 8F7CD9E52981F4F100E27DC2 /* plane.png */; };
		8F7CDA202981F4F100E27DC2 /* island.png in Resources */ = {isa = PBXBuildFile; fileRef = 8F7CD9E62981F4F100E27DC2 /* island.png */; };
		8F7CDA212981F4F100E27DC2 /* planeflash2.png in Resources */ = {isa = PBXBuildFile; fileRef = 8F7CD9E72981F4F100E27DC2 /* planeflash2.png */; };
		8F7CDA222981F4F100E27DC2 /* clickMeButton.png in Resources */ = {isa = PBXBuildFile; fileRef = 8F7CD9E82981F4F100E27DC2 /* clickMeButton.png */; };
		8F7CDA232981F4F100E27DC2 /* planeflash1.png in Resources */ = {isa = PBXBuildFile; fileRef = 8F7CD9E92981F4F100E27DC2 /* planeflash1.png */; };
		8F7CDA242981F4F100E27DC2 /* ocean.gif in Resources */ = {isa = PBXBuildFile; fileRef = 8F7CD9EA2981F4F100E27DC2 /* ocean.gif */; };
		8F7CDA252981F4F100E27DC2 /* coin08.png in Resources */ = {isa = PBXBuildFile; fileRef = 8F7CD9EB2981F4F100E27DC2 /* coin08.png */; };
		8F7CDA262981F4F100E27DC2 /* coin09.png in Resources */ = {isa = PBXBuildFile; fileRef = 8F7CD9EC2981F4F100E27DC2 /* coin09.png */; };
		8F7CDA272981F4F100E27DC2 /* restartButton.png in Resources */ = {isa = PBXBuildFile; fileRef = 8F7CD9ED2981F4F100E27DC2 /* restartButton.png */; };
		8F7CDA282981F4F100E27DC2 /* coin10.png in Resources */ = {isa = PBXBuildFile; fileRef = 8F7CD9EE2981F4F100E27DC2 /* coin10.png */; };
		8F7CDA292981F4F100E27DC2 /* coin04.png in Resources */ = {isa = PBXBuildFile; fileRef = 8F7CD9EF2981F4F100E27DC2 /* coin04.png */; };
		8F7CDA2A2981F4F100E27DC2 /* smallexplosion4.png in Resources */ = {isa = PBXBuildFile; fileRef = 8F7CD9F02981F4F100E27DC2 /* smallexplosion4.png */; };
		8F7CDA2B2981F4F100E27DC2 /* smallexplosion5.png in Resources */ = {isa = PBXBuildFile; fileRef = 8F7CD9F12981F4F100E27DC2 /* smallexplosion5.png */; };
		8F7CDA2C2981F4F100E27DC2 /* coin05.png in Resources */ = {isa = PBXBuildFile; fileRef = 8F7CD9F22981F4F100E27DC2 /* coin05.png */; };
		8F7CDA2D2981F4F100E27DC2 /* coin07.png in Resources */ = {isa = PBXBuildFile; fileRef = 8F7CD9F32981F4F100E27DC2 /* coin07.png */; };
		8F7CDA2E2981F4F100E27DC2 /* smallexplosion6.png in Resources */ = {isa = PBXBuildFile; fileRef = 8F7CD9F42981F4F100E27DC2 /* smallexplosion6.png */; };
		8F7CDA2F2981F4F100E27DC2 /* coin06.png in Resources */ = {isa = PBXBuildFile; fileRef = 8F7CD9F52981F4F100E27DC2 /* coin06.png */; };
		8F7CDA302981F4F100E27DC2 /* cloud.png in Resources */ = {isa = PBXBuildFile; fileRef = 8F7CD9F62981F4F100E27DC2 /* cloud.png */; };
		8F7CDA312981F4F100E27DC2 /* coin02.png in Resources */ = {isa = PBXBuildFile; fileRef = 8F7CD9F72981F4F100E27DC2 /* coin02.png */; };
		8F7CDA322981F4F100E27DC2 /* smallexplosion2.png in Resources */ = {isa = PBXBuildFile; fileRef = 8F7CD9F82981F4F100E27DC2 /* smallexplosion2.png */; };
		8F7CDA332981F4F100E27DC2 /* smallexplosion3.png in Resources */ = {isa = PBXBuildFile; fileRef = 8F7CD9F92981F4F100E27DC2 /* smallexplosion3.png */; };
		8F7CDA342981F4F100E27DC2 /* coin03.png in Resources */ = {isa = PBXBuildFile; fileRef = 8F7CD9FA2981F4F100E27DC2 /* coin03.png */; };
		8F7CDA352981F4F100E27DC2 /* coin01.png in Resources */ = {isa = PBXBuildFile; fileRef = 8F7CD9FB2981F4F100E27DC2 /* coin01.png */; };
		8F7CDA362981F4F100E27DC2 /* smallexplosion1.png in Resources */ = {isa = PBXBuildFile; fileRef = 8F7CD9FC2981F4F100E27DC2 /* smallexplosion1.png */; };
		8F7CDA372981F4F100E27DC2 /* nextButton.png in Resources */ = {isa = PBXBuildFile; fileRef = 8F7CD9FD2981F4F100E27DC2 /* nextButton.png */; };
		8F7CDA382981F4F100E27DC2 /* explosion1.png in Resources */ = {isa = PBXBuildFile; fileRef = 8F7CD9FE2981F4F100E27DC2 /* explosion1.png */; };
		8F7CDA392981F4F100E27DC2 /* enemy1.png in Resources */ = {isa = PBXBuildFile; fileRef = 8F7CD9FF2981F4F100E27DC2 /* enemy1.png */; };
		8F7CDA3A2981F4F100E27DC2 /* explosion2.png in Resources */ = {isa = PBXBuildFile; fileRef = 8F7CDA002981F4F100E27DC2 /* explosion2.png */; };
		8F7CDA3B2981F4F100E27DC2 /* enemy3.png in Resources */ = {isa = PBXBuildFile; fileRef = 8F7CDA012981F4F100E27DC2 /* enemy3.png */; };
		8F7CDA3C2981F4F100E27DC2 /* enemy2.png in Resources */ = {isa = PBXBuildFile; fileRef = 8F7CDA022981F4F100E27DC2 /* enemy2.png */; };
		8F7CDA3D2981F4F100E27DC2 /* ocean.png in Resources */ = {isa = PBXBuildFile; fileRef = 8F7CDA032981F4F100E27DC2 /* ocean.png */; };
		8F7CDA3E2981F4F100E27DC2 /* explosion3.png in Resources */ = {isa = PBXBuildFile; fileRef = 8F7CDA042981F4F100E27DC2 /* explosion3.png */; };
		8F7CDA3F2981F4F100E27DC2 /* explosion7.png in Resources */ = {isa = PBXBuildFile; fileRef = 8F7CDA052981F4F100E27DC2 /* explosion7.png */; };
		8F7CDA402981F4F100E27DC2 /* startButton.png in Resources */ = {isa = PBXBuildFile; fileRef = 8F7CDA062981F4F100E27DC2 /* startButton.png */; };
		8F7CDA412981F4F100E27DC2 /* explosion6.png in Resources */ = {isa = PBXBuildFile; fileRef = 8F7CDA072981F4F100E27DC2 /* explosion6.png */; };
		8F7CDA422981F4F100E27DC2 /* explosion4.png in Resources */ = {isa = PBXBuildFile; fileRef = 8F7CDA082981F4F100E27DC2 /* explosion4.png */; };
		8F7CDA432981F4F100E27DC2 /* explosion5.png in Resources */ = {isa = PBXBuildFile; fileRef = 8F7CDA092981F4F100E27DC2 /* explosion5.png */; };
		8F7CDA442981F4F100E27DC2 /* life.wav in Resources */ = {isa = PBXBuildFile; fileRef = 8F7CDA0B2981F4F100E27DC2 /* life.wav */; };
		8F7CDA452981F4F100E27DC2 /* explosion.mp3 in Resources */ = {isa = PBXBuildFile; fileRef = 8F7CDA0C2981F4F100E27DC2 /* explosion.mp3 */; };
		8F7CDA462981F4F100E27DC2 /* thunder.ogg in Resources */ = {isa = PBXBuildFile; fileRef = 8F7CDA0D2981F4F100E27DC2 /* thunder.ogg */; };
		8F7CDA472981F4F100E27DC2 /* yay.ogg in Resources */ = {isa = PBXBuildFile; fileRef = 8F7CDA0E2981F4F100E27DC2 /* yay.ogg */; };
		8F7CDA482981F4F100E27DC2 /* engine.ogg in Resources */ = {isa = PBXBuildFile; fileRef = 8F7CDA0F2981F4F100E27DC2 /* engine.ogg */; };
		8F7CDA492981F4F100E27DC2 /* coin.wav in Resources */ = {isa = PBXBuildFile; fileRef = 8F7CDA102981F4F100E27DC2 /* coin.wav */; };
		8F7CDA4A2981F4F100E27DC2 /* bullet.mp3 in Resources */ = {isa = PBXBuildFile; fileRef = 8F7CDA112981F4F100E27DC2 /* bullet.mp3 */; };
		8F7CDA4B2981F4F100E27DC2 /* textureAtlas.png in Resources */ = {isa = PBXBuildFile; fileRef = 8F7CDA132981F4F100E27DC2 /* textureAtlas.png */; };
		8F7CDA4C2981F4F100E27DC2 /* textureAtlas.json in Resources */ = {isa = PBXBuildFile; fileRef = 8F7CDA142981F4F100E27DC2 /* textureAtlas.json */; };
		8F7CDA4D2981F4F100E27DC2 /* MailPilotDemoProject.tps in Resources */ = {isa = PBXBuildFile; fileRef = 8F7CDA152981F4F100E27DC2 /* MailPilotDemoProject.tps */; };
		8F7CDA4E2981F4F100E27DC2 /* dock51.woff in Resources */ = {isa = PBXBuildFile; fileRef = 8F7CDA172981F4F100E27DC2 /* dock51.woff */; };
		8F7CDA4F2981F4F100E27DC2 /* dock51.woff2 in Resources */ = {isa = PBXBuildFile; fileRef = 8F7CDA182981F4F100E27DC2 /* dock51.woff2 */; };
		8F7CDA502981F4F100E27DC2 /* Dock51.ttf in Resources */ = {isa = PBXBuildFile; fileRef = 8F7CDA192981F4F100E27DC2 /* Dock51.ttf */; };
		8F7CDA542981F50800E27DC2 /* GameProtocol.swift in Sources */ = {isa = PBXBuildFile; fileRef = 8F7CDA522981F50800E27DC2 /* GameProtocol.swift */; };
		8F7CDA552981F50800E27DC2 /* GameObject.swift in Sources */ = {isa = PBXBuildFile; fileRef = 8F7CDA532981F50800E27DC2 /* GameObject.swift */; };
		8F7CDA592981F51400E27DC2 /* Ocean.swift in Sources */ = {isa = PBXBuildFile; fileRef = 8F7CDA572981F51400E27DC2 /* Ocean.swift */; };
		8F7CDA5A2981F51400E27DC2 /* Player.swift in Sources */ = {isa = PBXBuildFile; fileRef = 8F7CDA582981F51400E27DC2 /* Player.swift */; };
		8F7CDA5C2982116300E27DC2 /* Island.swift in Sources */ = {isa = PBXBuildFile; fileRef = 8F7CDA5B2982116300E27DC2 /* Island.swift */; };
		8F7CDA5E2982122000E27DC2 /* Layer.swift in Sources */ = {isa = PBXBuildFile; fileRef = 8F7CDA5D2982122000E27DC2 /* Layer.swift */; };
/* End PBXBuildFile section */

/* Begin PBXFileReference section */
		8F7CD9C42981F4BF00E27DC2 /* MAPD724-W2023-ICE2-YACHAO.app */ = {isa = PBXFileReference; explicitFileType = wrapper.application; includeInIndex = 0; path = "MAPD724-W2023-ICE2-YACHAO.app"; sourceTree = BUILT_PRODUCTS_DIR; };
		8F7CD9C72981F4C000E27DC2 /* AppDelegate.swift */ = {isa = PBXFileReference; lastKnownFileType = sourcecode.swift; path = AppDelegate.swift; sourceTree = "<group>"; };
		8F7CD9C92981F4C000E27DC2 /* GameScene.sks */ = {isa = PBXFileReference; lastKnownFileType = file.sks; path = GameScene.sks; sourceTree = "<group>"; };
		8F7CD9CD2981F4C000E27DC2 /* GameScene.swift */ = {isa = PBXFileReference; lastKnownFileType = sourcecode.swift; path = GameScene.swift; sourceTree = "<group>"; };
		8F7CD9CF2981F4C000E27DC2 /* GameViewController.swift */ = {isa = PBXFileReference; lastKnownFileType = sourcecode.swift; path = GameViewController.swift; sourceTree = "<group>"; };
		8F7CD9D22981F4C000E27DC2 /* Base */ = {isa = PBXFileReference; lastKnownFileType = file.storyboard; name = Base; path = Base.lproj/Main.storyboard; sourceTree = "<group>"; };
		8F7CD9D42981F4C000E27DC2 /* Assets.xcassets */ = {isa = PBXFileReference; lastKnownFileType = folder.assetcatalog; path = Assets.xcassets; sourceTree = "<group>"; };
		8F7CD9D72981F4C000E27DC2 /* Base */ = {isa = PBXFileReference; lastKnownFileType = file.storyboard; name = Base; path = Base.lproj/LaunchScreen.storyboard; sourceTree = "<group>"; };
		8F7CD9E02981F4F100E27DC2 /* bullet.png */ = {isa = PBXFileReference; lastKnownFileType = image.png; path = bullet.png; sourceTree = "<group>"; };
		8F7CD9E12981F4F100E27DC2 /* plane3.png */ = {isa = PBXFileReference; lastKnownFileType = image.png; path = plane3.png; sourceTree = "<group>"; };
		8F7CD9E22981F4F100E27DC2 /* plane2.png */ = {isa = PBXFileReference; lastKnownFileType = image.png; path = plane2.png; sourceTree = "<group>"; };
		8F7CD9E32981F4F100E27DC2 /* plane1.png */ = {isa = PBXFileReference; lastKnownFileType = image.png; path = plane1.png; sourceTree = "<group>"; };
		8F7CD9E42981F4F100E27DC2 /* backButton.png */ = {isa = PBXFileReference; lastKnownFileType = image.png; path = backButton.png; sourceTree = "<group>"; };
		8F7CD9E52981F4F100E27DC2 /* plane.png */ = {isa = PBXFileReference; lastKnownFileType = image.png; path = plane.png; sourceTree = "<group>"; };
		8F7CD9E62981F4F100E27DC2 /* island.png */ = {isa = PBXFileReference; lastKnownFileType = image.png; path = island.png; sourceTree = "<group>"; };
		8F7CD9E72981F4F100E27DC2 /* planeflash2.png */ = {isa = PBXFileReference; lastKnownFileType = image.png; path = planeflash2.png; sourceTree = "<group>"; };
		8F7CD9E82981F4F100E27DC2 /* clickMeButton.png */ = {isa = PBXFileReference; lastKnownFileType = image.png; path = clickMeButton.png; sourceTree = "<group>"; };
		8F7CD9E92981F4F100E27DC2 /* planeflash1.png */ = {isa = PBXFileReference; lastKnownFileType = image.png; path = planeflash1.png; sourceTree = "<group>"; };
		8F7CD9EA2981F4F100E27DC2 /* ocean.gif */ = {isa = PBXFileReference; lastKnownFileType = image.gif; path = ocean.gif; sourceTree = "<group>"; };
		8F7CD9EB2981F4F100E27DC2 /* coin08.png */ = {isa = PBXFileReference; lastKnownFileType = image.png; path = coin08.png; sourceTree = "<group>"; };
		8F7CD9EC2981F4F100E27DC2 /* coin09.png */ = {isa = PBXFileReference; lastKnownFileType = image.png; path = coin09.png; sourceTree = "<group>"; };
		8F7CD9ED2981F4F100E27DC2 /* restartButton.png */ = {isa = PBXFileReference; lastKnownFileType = image.png; path = restartButton.png; sourceTree = "<group>"; };
		8F7CD9EE2981F4F100E27DC2 /* coin10.png */ = {isa = PBXFileReference; lastKnownFileType = image.png; path = coin10.png; sourceTree = "<group>"; };
		8F7CD9EF2981F4F100E27DC2 /* coin04.png */ = {isa = PBXFileReference; lastKnownFileType = image.png; path = coin04.png; sourceTree = "<group>"; };
		8F7CD9F02981F4F100E27DC2 /* smallexplosion4.png */ = {isa = PBXFileReference; lastKnownFileType = image.png; path = smallexplosion4.png; sourceTree = "<group>"; };
		8F7CD9F12981F4F100E27DC2 /* smallexplosion5.png */ = {isa = PBXFileReference; lastKnownFileType = image.png; path = smallexplosion5.png; sourceTree = "<group>"; };
		8F7CD9F22981F4F100E27DC2 /* coin05.png */ = {isa = PBXFileReference; lastKnownFileType = image.png; path = coin05.png; sourceTree = "<group>"; };
		8F7CD9F32981F4F100E27DC2 /* coin07.png */ = {isa = PBXFileReference; lastKnownFileType = image.png; path = coin07.png; sourceTree = "<group>"; };
		8F7CD9F42981F4F100E27DC2 /* smallexplosion6.png */ = {isa = PBXFileReference; lastKnownFileType = image.png; path = smallexplosion6.png; sourceTree = "<group>"; };
		8F7CD9F52981F4F100E27DC2 /* coin06.png */ = {isa = PBXFileReference; lastKnownFileType = image.png; path = coin06.png; sourceTree = "<group>"; };
		8F7CD9F62981F4F100E27DC2 /* cloud.png */ = {isa = PBXFileReference; lastKnownFileType = image.png; path = cloud.png; sourceTree = "<group>"; };
		8F7CD9F72981F4F100E27DC2 /* coin02.png */ = {isa = PBXFileReference; lastKnownFileType = image.png; path = coin02.png; sourceTree = "<group>"; };
		8F7CD9F82981F4F100E27DC2 /* smallexplosion2.png */ = {isa = PBXFileReference; lastKnownFileType = image.png; path = smallexplosion2.png; sourceTree = "<group>"; };
		8F7CD9F92981F4F100E27DC2 /* smallexplosion3.png */ = {isa = PBXFileReference; lastKnownFileType = image.png; path = smallexplosion3.png; sourceTree = "<group>"; };
		8F7CD9FA2981F4F100E27DC2 /* coin03.png */ = {isa = PBXFileReference; lastKnownFileType = image.png; path = coin03.png; sourceTree = "<group>"; };
		8F7CD9FB2981F4F100E27DC2 /* coin01.png */ = {isa = PBXFileReference; lastKnownFileType = image.png; path = coin01.png; sourceTree = "<group>"; };
		8F7CD9FC2981F4F100E27DC2 /* smallexplosion1.png */ = {isa = PBXFileReference; lastKnownFileType = image.png; path = smallexplosion1.png; sourceTree = "<group>"; };
		8F7CD9FD2981F4F100E27DC2 /* nextButton.png */ = {isa = PBXFileReference; lastKnownFileType = image.png; path = nextButton.png; sourceTree = "<group>"; };
		8F7CD9FE2981F4F100E27DC2 /* explosion1.png */ = {isa = PBXFileReference; lastKnownFileType = image.png; path = explosion1.png; sourceTree = "<group>"; };
		8F7CD9FF2981F4F100E27DC2 /* enemy1.png */ = {isa = PBXFileReference; lastKnownFileType = image.png; path = enemy1.png; sourceTree = "<group>"; };
		8F7CDA002981F4F100E27DC2 /* explosion2.png */ = {isa = PBXFileReference; lastKnownFileType = image.png; path = explosion2.png; sourceTree = "<group>"; };
		8F7CDA012981F4F100E27DC2 /* enemy3.png */ = {isa = PBXFileReference; lastKnownFileType = image.png; path = enemy3.png; sourceTree = "<group>"; };
		8F7CDA022981F4F100E27DC2 /* enemy2.png */ = {isa = PBXFileReference; lastKnownFileType = image.png; path = enemy2.png; sourceTree = "<group>"; };
		8F7CDA032981F4F100E27DC2 /* ocean.png */ = {isa = PBXFileReference; lastKnownFileType = image.png; path = ocean.png; sourceTree = "<group>"; };
		8F7CDA042981F4F100E27DC2 /* explosion3.png */ = {isa = PBXFileReference; lastKnownFileType = image.png; path = explosion3.png; sourceTree = "<group>"; };
		8F7CDA052981F4F100E27DC2 /* explosion7.png */ = {isa = PBXFileReference; lastKnownFileType = image.png; path = explosion7.png; sourceTree = "<group>"; };
		8F7CDA062981F4F100E27DC2 /* startButton.png */ = {isa = PBXFileReference; lastKnownFileType = image.png; path = startButton.png; sourceTree = "<group>"; };
		8F7CDA072981F4F100E27DC2 /* explosion6.png */ = {isa = PBXFileReference; lastKnownFileType = image.png; path = explosion6.png; sourceTree = "<group>"; };
		8F7CDA082981F4F100E27DC2 /* explosion4.png */ = {isa = PBXFileReference; lastKnownFileType = image.png; path = explosion4.png; sourceTree = "<group>"; };
		8F7CDA092981F4F100E27DC2 /* explosion5.png */ = {isa = PBXFileReference; lastKnownFileType = image.png; path = explosion5.png; sourceTree = "<group>"; };
		8F7CDA0B2981F4F100E27DC2 /* life.wav */ = {isa = PBXFileReference; lastKnownFileType = audio.wav; path = life.wav; sourceTree = "<group>"; };
		8F7CDA0C2981F4F100E27DC2 /* explosion.mp3 */ = {isa = PBXFileReference; lastKnownFileType = audio.mp3; path = explosion.mp3; sourceTree = "<group>"; };
		8F7CDA0D2981F4F100E27DC2 /* thunder.ogg */ = {isa = PBXFileReference; lastKnownFileType = file; path = thunder.ogg; sourceTree = "<group>"; };
		8F7CDA0E2981F4F100E27DC2 /* yay.ogg */ = {isa = PBXFileReference; lastKnownFileType = file; path = yay.ogg; sourceTree = "<group>"; };
		8F7CDA0F2981F4F100E27DC2 /* engine.ogg */ = {isa = PBXFileReference; lastKnownFileType = file; path = engine.ogg; sourceTree = "<group>"; };
		8F7CDA102981F4F100E27DC2 /* coin.wav */ = {isa = PBXFileReference; lastKnownFileType = audio.wav; path = coin.wav; sourceTree = "<group>"; };
		8F7CDA112981F4F100E27DC2 /* bullet.mp3 */ = {isa = PBXFileReference; lastKnownFileType = audio.mp3; path = bullet.mp3; sourceTree = "<group>"; };
		8F7CDA132981F4F100E27DC2 /* textureAtlas.png */ = {isa = PBXFileReference; lastKnownFileType = image.png; path = textureAtlas.png; sourceTree = "<group>"; };
		8F7CDA142981F4F100E27DC2 /* textureAtlas.json */ = {isa = PBXFileReference; fileEncoding = 4; lastKnownFileType = text.json; path = textureAtlas.json; sourceTree = "<group>"; };
		8F7CDA152981F4F100E27DC2 /* MailPilotDemoProject.tps */ = {isa = PBXFileReference; fileEncoding = 4; lastKnownFileType = text.xml; path = MailPilotDemoProject.tps; sourceTree = "<group>"; };
		8F7CDA172981F4F100E27DC2 /* dock51.woff */ = {isa = PBXFileReference; lastKnownFileType = file; path = dock51.woff; sourceTree = "<group>"; };
		8F7CDA182981F4F100E27DC2 /* dock51.woff2 */ = {isa = PBXFileReference; lastKnownFileType = file; path = dock51.woff2; sourceTree = "<group>"; };
		8F7CDA192981F4F100E27DC2 /* Dock51.ttf */ = {isa = PBXFileReference; lastKnownFileType = file; path = Dock51.ttf; sourceTree = "<group>"; };
		8F7CDA522981F50800E27DC2 /* GameProtocol.swift */ = {isa = PBXFileReference; fileEncoding = 4; lastKnownFileType = sourcecode.swift; path = GameProtocol.swift; sourceTree = "<group>"; };
		8F7CDA532981F50800E27DC2 /* GameObject.swift */ = {isa = PBXFileReference; fileEncoding = 4; lastKnownFileType = sourcecode.swift; path = GameObject.swift; sourceTree = "<group>"; };
		8F7CDA572981F51400E27DC2 /* Ocean.swift */ = {isa = PBXFileReference; fileEncoding = 4; lastKnownFileType = sourcecode.swift; path = Ocean.swift; sourceTree = "<group>"; };
		8F7CDA582981F51400E27DC2 /* Player.swift */ = {isa = PBXFileReference; fileEncoding = 4; lastKnownFileType = sourcecode.swift; path = Player.swift; sourceTree = "<group>"; };
		8F7CDA5B2982116300E27DC2 /* Island.swift */ = {isa = PBXFileReference; lastKnownFileType = sourcecode.swift; path = Island.swift; sourceTree = "<group>"; };
		8F7CDA5D2982122000E27DC2 /* Layer.swift */ = {isa = PBXFileReference; lastKnownFileType = sourcecode.swift; path = Layer.swift; sourceTree = "<group>"; };
/* End PBXFileReference section */

/* Begin PBXFrameworksBuildPhase section */
		8F7CD9C12981F4BF00E27DC2 /* Frameworks */ = {
			isa = PBXFrameworksBuildPhase;
			buildActionMask = 2147483647;
			files = (
			);
			runOnlyForDeploymentPostprocessing = 0;
		};
/* End PBXFrameworksBuildPhase section */

/* Begin PBXGroup section */
		8F7CD9BB2981F4BF00E27DC2 = {
			isa = PBXGroup;
			children = (
				8F7CD9C62981F4C000E27DC2 /* MAPD724-W2023-ICE2-YACHAO */,
				8F7CD9C52981F4BF00E27DC2 /* Products */,
			);
			sourceTree = "<group>";
		};
		8F7CD9C52981F4BF00E27DC2 /* Products */ = {
			isa = PBXGroup;
			children = (
				8F7CD9C42981F4BF00E27DC2 /* MAPD724-W2023-ICE2-YACHAO.app */,
			);
			name = Products;
			sourceTree = "<group>";
		};
		8F7CD9C62981F4C000E27DC2 /* MAPD724-W2023-ICE2-YACHAO */ = {
			isa = PBXGroup;
			children = (
				8F7CDA562981F51400E27DC2 /* GameObject */,
				8F7CDA512981F50800E27DC2 /* Core */,
				8F7CD9DE2981F4F100E27DC2 /* Assets */,
				8F7CD9C72981F4C000E27DC2 /* AppDelegate.swift */,
				8F7CD9C92981F4C000E27DC2 /* GameScene.sks */,
				8F7CD9CD2981F4C000E27DC2 /* GameScene.swift */,
				8F7CD9CF2981F4C000E27DC2 /* GameViewController.swift */,
				8F7CD9D12981F4C000E27DC2 /* Main.storyboard */,
				8F7CD9D42981F4C000E27DC2 /* Assets.xcassets */,
				8F7CD9D62981F4C000E27DC2 /* LaunchScreen.storyboard */,
			);
			path = "MAPD724-W2023-ICE2-YACHAO";
			sourceTree = "<group>";
		};
		8F7CD9DE2981F4F100E27DC2 /* Assets */ = {
			isa = PBXGroup;
			children = (
				8F7CD9DF2981F4F100E27DC2 /* images */,
				8F7CDA0A2981F4F100E27DC2 /* audio */,
				8F7CDA122981F4F100E27DC2 /* sprites */,
				8F7CDA162981F4F100E27DC2 /* fonts */,
			);
			path = Assets;
			sourceTree = "<group>";
		};
		8F7CD9DF2981F4F100E27DC2 /* images */ = {
			isa = PBXGroup;
			children = (
				8F7CD9E02981F4F100E27DC2 /* bullet.png */,
				8F7CD9E12981F4F100E27DC2 /* plane3.png */,
				8F7CD9E22981F4F100E27DC2 /* plane2.png */,
				8F7CD9E32981F4F100E27DC2 /* plane1.png */,
				8F7CD9E42981F4F100E27DC2 /* backButton.png */,
				8F7CD9E52981F4F100E27DC2 /* plane.png */,
				8F7CD9E62981F4F100E27DC2 /* island.png */,
				8F7CD9E72981F4F100E27DC2 /* planeflash2.png */,
				8F7CD9E82981F4F100E27DC2 /* clickMeButton.png */,
				8F7CD9E92981F4F100E27DC2 /* planeflash1.png */,
				8F7CD9EA2981F4F100E27DC2 /* ocean.gif */,
				8F7CD9EB2981F4F100E27DC2 /* coin08.png */,
				8F7CD9EC2981F4F100E27DC2 /* coin09.png */,
				8F7CD9ED2981F4F100E27DC2 /* restartButton.png */,
				8F7CD9EE2981F4F100E27DC2 /* coin10.png */,
				8F7CD9EF2981F4F100E27DC2 /* coin04.png */,
				8F7CD9F02981F4F100E27DC2 /* smallexplosion4.png */,
				8F7CD9F12981F4F100E27DC2 /* smallexplosion5.png */,
				8F7CD9F22981F4F100E27DC2 /* coin05.png */,
				8F7CD9F32981F4F100E27DC2 /* coin07.png */,
				8F7CD9F42981F4F100E27DC2 /* smallexplosion6.png */,
				8F7CD9F52981F4F100E27DC2 /* coin06.png */,
				8F7CD9F62981F4F100E27DC2 /* cloud.png */,
				8F7CD9F72981F4F100E27DC2 /* coin02.png */,
				8F7CD9F82981F4F100E27DC2 /* smallexplosion2.png */,
				8F7CD9F92981F4F100E27DC2 /* smallexplosion3.png */,
				8F7CD9FA2981F4F100E27DC2 /* coin03.png */,
				8F7CD9FB2981F4F100E27DC2 /* coin01.png */,
				8F7CD9FC2981F4F100E27DC2 /* smallexplosion1.png */,
				8F7CD9FD2981F4F100E27DC2 /* nextButton.png */,
				8F7CD9FE2981F4F100E27DC2 /* explosion1.png */,
				8F7CD9FF2981F4F100E27DC2 /* enemy1.png */,
				8F7CDA002981F4F100E27DC2 /* explosion2.png */,
				8F7CDA012981F4F100E27DC2 /* enemy3.png */,
				8F7CDA022981F4F100E27DC2 /* enemy2.png */,
				8F7CDA032981F4F100E27DC2 /* ocean.png */,
				8F7CDA042981F4F100E27DC2 /* explosion3.png */,
				8F7CDA052981F4F100E27DC2 /* explosion7.png */,
				8F7CDA062981F4F100E27DC2 /* startButton.png */,
				8F7CDA072981F4F100E27DC2 /* explosion6.png */,
				8F7CDA082981F4F100E27DC2 /* explosion4.png */,
				8F7CDA092981F4F100E27DC2 /* explosion5.png */,
			);
			path = images;
			sourceTree = "<group>";
		};
		8F7CDA0A2981F4F100E27DC2 /* audio */ = {
			isa = PBXGroup;
			children = (
				8F7CDA0B2981F4F100E27DC2 /* life.wav */,
				8F7CDA0C2981F4F100E27DC2 /* explosion.mp3 */,
				8F7CDA0D2981F4F100E27DC2 /* thunder.ogg */,
				8F7CDA0E2981F4F100E27DC2 /* yay.ogg */,
				8F7CDA0F2981F4F100E27DC2 /* engine.ogg */,
				8F7CDA102981F4F100E27DC2 /* coin.wav */,
				8F7CDA112981F4F100E27DC2 /* bullet.mp3 */,
			);
			path = audio;
			sourceTree = "<group>";
		};
		8F7CDA122981F4F100E27DC2 /* sprites */ = {
			isa = PBXGroup;
			children = (
				8F7CDA132981F4F100E27DC2 /* textureAtlas.png */,
				8F7CDA142981F4F100E27DC2 /* textureAtlas.json */,
				8F7CDA152981F4F100E27DC2 /* MailPilotDemoProject.tps */,
			);
			path = sprites;
			sourceTree = "<group>";
		};
		8F7CDA162981F4F100E27DC2 /* fonts */ = {
			isa = PBXGroup;
			children = (
				8F7CDA172981F4F100E27DC2 /* dock51.woff */,
				8F7CDA182981F4F100E27DC2 /* dock51.woff2 */,
				8F7CDA192981F4F100E27DC2 /* Dock51.ttf */,
			);
			path = fonts;
			sourceTree = "<group>";
		};
		8F7CDA512981F50800E27DC2 /* Core */ = {
			isa = PBXGroup;
			children = (
				8F7CDA522981F50800E27DC2 /* GameProtocol.swift */,
				8F7CDA532981F50800E27DC2 /* GameObject.swift */,
				8F7CDA5D2982122000E27DC2 /* Layer.swift */,
			);
			path = Core;
			sourceTree = "<group>";
		};
		8F7CDA562981F51400E27DC2 /* GameObject */ = {
			isa = PBXGroup;
			children = (
				8F7CDA572981F51400E27DC2 /* Ocean.swift */,
				8F7CDA582981F51400E27DC2 /* Player.swift */,
				8F7CDA5B2982116300E27DC2 /* Island.swift */,
			);
			path = GameObject;
			sourceTree = "<group>";
		};
/* End PBXGroup section */

/* Begin PBXNativeTarget section */
		8F7CD9C32981F4BF00E27DC2 /* MAPD724-W2023-ICE2-YACHAO */ = {
			isa = PBXNativeTarget;
			buildConfigurationList = 8F7CD9DB2981F4C000E27DC2 /* Build configuration list for PBXNativeTarget "MAPD724-W2023-ICE2-YACHAO" */;
			buildPhases = (
				8F7CD9C02981F4BF00E27DC2 /* Sources */,
				8F7CD9C12981F4BF00E27DC2 /* Frameworks */,
				8F7CD9C22981F4BF00E27DC2 /* Resources */,
			);
			buildRules = (
			);
			dependencies = (
			);
			name = "MAPD724-W2023-ICE2-YACHAO";
			productName = "MAPD724-W2023-ICE2-YACHAO";
			productReference = 8F7CD9C42981F4BF00E27DC2 /* MAPD724-W2023-ICE2-YACHAO.app */;
			productType = "com.apple.product-type.application";
		};
/* End PBXNativeTarget section */

/* Begin PBXProject section */
		8F7CD9BC2981F4BF00E27DC2 /* Project object */ = {
			isa = PBXProject;
			attributes = {
				BuildIndependentTargetsInParallel = 1;
				LastSwiftUpdateCheck = 1410;
				LastUpgradeCheck = 1410;
				TargetAttributes = {
					8F7CD9C32981F4BF00E27DC2 = {
						CreatedOnToolsVersion = 14.1;
					};
				};
			};
			buildConfigurationList = 8F7CD9BF2981F4BF00E27DC2 /* Build configuration list for PBXProject "MAPD724-W2023-ICE2-YACHAO" */;
			compatibilityVersion = "Xcode 14.0";
			developmentRegion = en;
			hasScannedForEncodings = 0;
			knownRegions = (
				en,
				Base,
			);
			mainGroup = 8F7CD9BB2981F4BF00E27DC2;
			productRefGroup = 8F7CD9C52981F4BF00E27DC2 /* Products */;
			projectDirPath = "";
			projectRoot = "";
			targets = (
				8F7CD9C32981F4BF00E27DC2 /* MAPD724-W2023-ICE2-YACHAO */,
			);
		};
/* End PBXProject section */

/* Begin PBXResourcesBuildPhase section */
		8F7CD9C22981F4BF00E27DC2 /* Resources */ = {
			isa = PBXResourcesBuildPhase;
			buildActionMask = 2147483647;
			files = (
				8F7CDA2D2981F4F100E27DC2 /* coin07.png in Resources */,
				8F7CDA392981F4F100E27DC2 /* enemy1.png in Resources */,
				8F7CDA3D2981F4F100E27DC2 /* ocean.png in Resources */,
				8F7CDA292981F4F100E27DC2 /* coin04.png in Resources */,
				8F7CDA462981F4F100E27DC2 /* thunder.ogg in Resources */,
				8F7CDA272981F4F100E27DC2 /* restartButton.png in Resources */,
				8F7CDA3A2981F4F100E27DC2 /* explosion2.png in Resources */,
				8F7CDA202981F4F100E27DC2 /* island.png in Resources */,
				8F7CDA332981F4F100E27DC2 /* smallexplosion3.png in Resources */,
				8F7CDA472981F4F100E27DC2 /* yay.ogg in Resources */,
				8F7CD9D32981F4C000E27DC2 /* Main.storyboard in Resources */,
				8F7CDA412981F4F100E27DC2 /* explosion6.png in Resources */,
				8F7CDA2B2981F4F100E27DC2 /* smallexplosion5.png in Resources */,
				8F7CDA1D2981F4F100E27DC2 /* plane1.png in Resources */,
				8F7CDA242981F4F100E27DC2 /* ocean.gif in Resources */,
				8F7CDA402981F4F100E27DC2 /* startButton.png in Resources */,
				8F7CDA362981F4F100E27DC2 /* smallexplosion1.png in Resources */,
				8F7CDA3F2981F4F100E27DC2 /* explosion7.png in Resources */,
				8F7CDA342981F4F100E27DC2 /* coin03.png in Resources */,
				8F7CDA482981F4F100E27DC2 /* engine.ogg in Resources */,
				8F7CDA212981F4F100E27DC2 /* planeflash2.png in Resources */,
				8F7CDA452981F4F100E27DC2 /* explosion.mp3 in Resources */,
				8F7CDA4D2981F4F100E27DC2 /* MailPilotDemoProject.tps in Resources */,
				8F7CDA1E2981F4F100E27DC2 /* backButton.png in Resources */,
				8F7CDA4C2981F4F100E27DC2 /* textureAtlas.json in Resources */,
				8F7CDA492981F4F100E27DC2 /* coin.wav in Resources */,
				8F7CDA322981F4F100E27DC2 /* smallexplosion2.png in Resources */,
				8F7CDA432981F4F100E27DC2 /* explosion5.png in Resources */,
				8F7CDA422981F4F100E27DC2 /* explosion4.png in Resources */,
				8F7CDA252981F4F100E27DC2 /* coin08.png in Resources */,
				8F7CDA4B2981F4F100E27DC2 /* textureAtlas.png in Resources */,
				8F7CDA4A2981F4F100E27DC2 /* bullet.mp3 in Resources */,
				8F7CDA262981F4F100E27DC2 /* coin09.png in Resources */,
				8F7CDA502981F4F100E27DC2 /* Dock51.ttf in Resources */,
				8F7CDA372981F4F100E27DC2 /* nextButton.png in Resources */,
				8F7CDA312981F4F100E27DC2 /* coin02.png in Resources */,
				8F7CDA2E2981F4F100E27DC2 /* smallexplosion6.png in Resources */,
				8F7CDA3C2981F4F100E27DC2 /* enemy2.png in Resources */,
				8F7CDA2C2981F4F100E27DC2 /* coin05.png in Resources */,
				8F7CDA1A2981F4F100E27DC2 /* bullet.png in Resources */,
				8F7CDA222981F4F100E27DC2 /* clickMeButton.png in Resources */,
				8F7CDA2A2981F4F100E27DC2 /* smallexplosion4.png in Resources */,
				8F7CD9CA2981F4C000E27DC2 /* GameScene.sks in Resources */,
				8F7CD9D52981F4C000E27DC2 /* Assets.xcassets in Resources */,
				8F7CDA2F2981F4F100E27DC2 /* coin06.png in Resources */,
				8F7CD9D82981F4C000E27DC2 /* LaunchScreen.storyboard in Resources */,
				8F7CDA442981F4F100E27DC2 /* life.wav in Resources */,
				8F7CDA232981F4F100E27DC2 /* planeflash1.png in Resources */,
				8F7CDA282981F4F100E27DC2 /* coin10.png in Resources */,
				8F7CDA352981F4F100E27DC2 /* coin01.png in Resources */,
				8F7CDA302981F4F100E27DC2 /* cloud.png in Resources */,
				8F7CDA1B2981F4F100E27DC2 /* plane3.png in Resources */,
				8F7CDA1F2981F4F100E27DC2 /* plane.png in Resources */,
				8F7CDA4F2981F4F100E27DC2 /* dock51.woff2 in Resources */,
				8F7CDA3B2981F4F100E27DC2 /* enemy3.png in Resources */,
				8F7CDA3E2981F4F100E27DC2 /* explosion3.png in Resources */,
				8F7CDA1C2981F4F100E27DC2 /* plane2.png in Resources */,
				8F7CDA4E2981F4F100E27DC2 /* dock51.woff in Resources */,
				8F7CDA382981F4F100E27DC2 /* explosion1.png in Resources */,
			);
			runOnlyForDeploymentPostprocessing = 0;
		};
/* End PBXResourcesBuildPhase section */

/* Begin PBXSourcesBuildPhase section */
		8F7CD9C02981F4BF00E27DC2 /* Sources */ = {
			isa = PBXSourcesBuildPhase;
			buildActionMask = 2147483647;
			files = (
				8F7CD9CE2981F4C000E27DC2 /* GameScene.swift in Sources */,
				8F7CDA542981F50800E27DC2 /* GameProtocol.swift in Sources */,
				8F7CDA5C2982116300E27DC2 /* Island.swift in Sources */,
				8F7CD9D02981F4C000E27DC2 /* GameViewController.swift in Sources */,
				8F7CD9C82981F4C000E27DC2 /* AppDelegate.swift in Sources */,
				8F7CDA5A2981F51400E27DC2 /* Player.swift in Sources */,
				8F7CDA5E2982122000E27DC2 /* Layer.swift in Sources */,
				8F7CDA592981F51400E27DC2 /* Ocean.swift in Sources */,
				8F7CDA552981F50800E27DC2 /* GameObject.swift in Sources */,
			);
			runOnlyForDeploymentPostprocessing = 0;
		};
/* End PBXSourcesBuildPhase section */

/* Begin PBXVariantGroup section */
		8F7CD9D12981F4C000E27DC2 /* Main.storyboard */ = {
			isa = PBXVariantGroup;
			children = (
				8F7CD9D22981F4C000E27DC2 /* Base */,
			);
			name = Main.storyboard;
			sourceTree = "<group>";
		};
		8F7CD9D62981F4C000E27DC2 /* LaunchScreen.storyboard */ = {
			isa = PBXVariantGroup;
			children = (
				8F7CD9D72981F4C000E27DC2 /* Base */,
			);
			name = LaunchScreen.storyboard;
			sourceTree = "<group>";
		};
/* End PBXVariantGroup section */

/* Begin XCBuildConfiguration section */
		8F7CD9D92981F4C000E27DC2 /* Debug */ = {
			isa = XCBuildConfiguration;
			buildSettings = {
				ALWAYS_SEARCH_USER_PATHS = NO;
				CLANG_ANALYZER_NONNULL = YES;
				CLANG_ANALYZER_NUMBER_OBJECT_CONVERSION = YES_AGGRESSIVE;
				CLANG_CXX_LANGUAGE_STANDARD = "gnu++20";
				CLANG_ENABLE_MODULES = YES;
				CLANG_ENABLE_OBJC_ARC = YES;
				CLANG_ENABLE_OBJC_WEAK = YES;
				CLANG_WARN_BLOCK_CAPTURE_AUTORELEASING = YES;
				CLANG_WARN_BOOL_CONVERSION = YES;
				CLANG_WARN_COMMA = YES;
				CLANG_WARN_CONSTANT_CONVERSION = YES;
				CLANG_WARN_DEPRECATED_OBJC_IMPLEMENTATIONS = YES;
				CLANG_WARN_DIRECT_OBJC_ISA_USAGE = YES_ERROR;
				CLANG_WARN_DOCUMENTATION_COMMENTS = YES;
				CLANG_WARN_EMPTY_BODY = YES;
				CLANG_WARN_ENUM_CONVERSION = YES;
				CLANG_WARN_INFINITE_RECURSION = YES;
				CLANG_WARN_INT_CONVERSION = YES;
				CLANG_WARN_NON_LITERAL_NULL_CONVERSION = YES;
				CLANG_WARN_OBJC_IMPLICIT_RETAIN_SELF = YES;
				CLANG_WARN_OBJC_LITERAL_CONVERSION = YES;
				CLANG_WARN_OBJC_ROOT_CLASS = YES_ERROR;
				CLANG_WARN_QUOTED_INCLUDE_IN_FRAMEWORK_HEADER = YES;
				CLANG_WARN_RANGE_LOOP_ANALYSIS = YES;
				CLANG_WARN_STRICT_PROTOTYPES = YES;
				CLANG_WARN_SUSPICIOUS_MOVE = YES;
				CLANG_WARN_UNGUARDED_AVAILABILITY = YES_AGGRESSIVE;
				CLANG_WARN_UNREACHABLE_CODE = YES;
				CLANG_WARN__DUPLICATE_METHOD_MATCH = YES;
				COPY_PHASE_STRIP = NO;
				DEBUG_INFORMATION_FORMAT = dwarf;
				ENABLE_STRICT_OBJC_MSGSEND = YES;
				ENABLE_TESTABILITY = YES;
				GCC_C_LANGUAGE_STANDARD = gnu11;
				GCC_DYNAMIC_NO_PIC = NO;
				GCC_NO_COMMON_BLOCKS = YES;
				GCC_OPTIMIZATION_LEVEL = 0;
				GCC_PREPROCESSOR_DEFINITIONS = (
					"DEBUG=1",
					"$(inherited)",
				);
				GCC_WARN_64_TO_32_BIT_CONVERSION = YES;
				GCC_WARN_ABOUT_RETURN_TYPE = YES_ERROR;
				GCC_WARN_UNDECLARED_SELECTOR = YES;
				GCC_WARN_UNINITIALIZED_AUTOS = YES_AGGRESSIVE;
				GCC_WARN_UNUSED_FUNCTION = YES;
				GCC_WARN_UNUSED_VARIABLE = YES;
				IPHONEOS_DEPLOYMENT_TARGET = 16.1;
				MTL_ENABLE_DEBUG_INFO = INCLUDE_SOURCE;
				MTL_FAST_MATH = YES;
				ONLY_ACTIVE_ARCH = YES;
				SDKROOT = iphoneos;
				SWIFT_ACTIVE_COMPILATION_CONDITIONS = DEBUG;
				SWIFT_OPTIMIZATION_LEVEL = "-Onone";
			};
			name = Debug;
		};
		8F7CD9DA2981F4C000E27DC2 /* Release */ = {
			isa = XCBuildConfiguration;
			buildSettings = {
				ALWAYS_SEARCH_USER_PATHS = NO;
				CLANG_ANALYZER_NONNULL = YES;
				CLANG_ANALYZER_NUMBER_OBJECT_CONVERSION = YES_AGGRESSIVE;
				CLANG_CXX_LANGUAGE_STANDARD = "gnu++20";
				CLANG_ENABLE_MODULES = YES;
				CLANG_ENABLE_OBJC_ARC = YES;
				CLANG_ENABLE_OBJC_WEAK = YES;
				CLANG_WARN_BLOCK_CAPTURE_AUTORELEASING = YES;
				CLANG_WARN_BOOL_CONVERSION = YES;
				CLANG_WARN_COMMA = YES;
				CLANG_WARN_CONSTANT_CONVERSION = YES;
				CLANG_WARN_DEPRECATED_OBJC_IMPLEMENTATIONS = YES;
				CLANG_WARN_DIRECT_OBJC_ISA_USAGE = YES_ERROR;
				CLANG_WARN_DOCUMENTATION_COMMENTS = YES;
				CLANG_WARN_EMPTY_BODY = YES;
				CLANG_WARN_ENUM_CONVERSION = YES;
				CLANG_WARN_INFINITE_RECURSION = YES;
				CLANG_WARN_INT_CONVERSION = YES;
				CLANG_WARN_NON_LITERAL_NULL_CONVERSION = YES;
				CLANG_WARN_OBJC_IMPLICIT_RETAIN_SELF = YES;
				CLANG_WARN_OBJC_LITERAL_CONVERSION = YES;
				CLANG_WARN_OBJC_ROOT_CLASS = YES_ERROR;
				CLANG_WARN_QUOTED_INCLUDE_IN_FRAMEWORK_HEADER = YES;
				CLANG_WARN_RANGE_LOOP_ANALYSIS = YES;
				CLANG_WARN_STRICT_PROTOTYPES = YES;
				CLANG_WARN_SUSPICIOUS_MOVE = YES;
				CLANG_WARN_UNGUARDED_AVAILABILITY = YES_AGGRESSIVE;
				CLANG_WARN_UNREACHABLE_CODE = YES;
				CLANG_WARN__DUPLICATE_METHOD_MATCH = YES;
				COPY_PHASE_STRIP = NO;
				DEBUG_INFORMATION_FORMAT = "dwarf-with-dsym";
				ENABLE_NS_ASSERTIONS = NO;
				ENABLE_STRICT_OBJC_MSGSEND = YES;
				GCC_C_LANGUAGE_STANDARD = gnu11;
				GCC_NO_COMMON_BLOCKS = YES;
				GCC_WARN_64_TO_32_BIT_CONVERSION = YES;
				GCC_WARN_ABOUT_RETURN_TYPE = YES_ERROR;
				GCC_WARN_UNDECLARED_SELECTOR = YES;
				GCC_WARN_UNINITIALIZED_AUTOS = YES_AGGRESSIVE;
				GCC_WARN_UNUSED_FUNCTION = YES;
				GCC_WARN_UNUSED_VARIABLE = YES;
				IPHONEOS_DEPLOYMENT_TARGET = 16.1;
				MTL_ENABLE_DEBUG_INFO = NO;
				MTL_FAST_MATH = YES;
				SDKROOT = iphoneos;
				SWIFT_COMPILATION_MODE = wholemodule;
				SWIFT_OPTIMIZATION_LEVEL = "-O";
				VALIDATE_PRODUCT = YES;
			};
			name = Release;
		};
		8F7CD9DC2981F4C000E27DC2 /* Debug */ = {
			isa = XCBuildConfiguration;
			buildSettings = {
				ASSETCATALOG_COMPILER_APPICON_NAME = AppIcon;
				ASSETCATALOG_COMPILER_GLOBAL_ACCENT_COLOR_NAME = AccentColor;
				CODE_SIGN_STYLE = Automatic;
				CURRENT_PROJECT_VERSION = 1;
				GENERATE_INFOPLIST_FILE = YES;
				INFOPLIST_KEY_UIApplicationSupportsIndirectInputEvents = YES;
				INFOPLIST_KEY_UILaunchStoryboardName = LaunchScreen;
				INFOPLIST_KEY_UIMainStoryboardFile = Main;
				INFOPLIST_KEY_UIStatusBarHidden = YES;
				INFOPLIST_KEY_UISupportedInterfaceOrientations_iPad = "UIInterfaceOrientationPortrait UIInterfaceOrientationPortraitUpsideDown UIInterfaceOrientationLandscapeLeft UIInterfaceOrientationLandscapeRight";
				INFOPLIST_KEY_UISupportedInterfaceOrientations_iPhone = "UIInterfaceOrientationPortrait UIInterfaceOrientationLandscapeLeft UIInterfaceOrientationLandscapeRight";
				LD_RUNPATH_SEARCH_PATHS = (
					"$(inherited)",
					"@executable_path/Frameworks",
				);
				MARKETING_VERSION = 1.0;
				PRODUCT_BUNDLE_IDENTIFIER = "EricDeveloper.MAPD724-W2023-ICE2-YACHAO";
				PRODUCT_NAME = "$(TARGET_NAME)";
				SWIFT_EMIT_LOC_STRINGS = YES;
				SWIFT_VERSION = 5.0;
				TARGETED_DEVICE_FAMILY = "1,2";
			};
			name = Debug;
		};
		8F7CD9DD2981F4C000E27DC2 /* Release */ = {
			isa = XCBuildConfiguration;
			buildSettings = {
				ASSETCATALOG_COMPILER_APPICON_NAME = AppIcon;
				ASSETCATALOG_COMPILER_GLOBAL_ACCENT_COLOR_NAME = AccentColor;
				CODE_SIGN_STYLE = Automatic;
				CURRENT_PROJECT_VERSION = 1;
				GENERATE_INFOPLIST_FILE = YES;
				INFOPLIST_KEY_UIApplicationSupportsIndirectInputEvents = YES;
				INFOPLIST_KEY_UILaunchStoryboardName = LaunchScreen;
				INFOPLIST_KEY_UIMainStoryboardFile = Main;
				INFOPLIST_KEY_UIStatusBarHidden = YES;
				INFOPLIST_KEY_UISupportedInterfaceOrientations_iPad = "UIInterfaceOrientationPortrait UIInterfaceOrientationPortraitUpsideDown UIInterfaceOrientationLandscapeLeft UIInterfaceOrientationLandscapeRight";
				INFOPLIST_KEY_UISupportedInterfaceOrientations_iPhone = "UIInterfaceOrientationPortrait UIInterfaceOrientationLandscapeLeft UIInterfaceOrientationLandscapeRight";
				LD_RUNPATH_SEARCH_PATHS = (
					"$(inherited)",
					"@executable_path/Frameworks",
				);
				MARKETING_VERSION = 1.0;
				PRODUCT_BUNDLE_IDENTIFIER = "EricDeveloper.MAPD724-W2023-ICE2-YACHAO";
				PRODUCT_NAME = "$(TARGET_NAME)";
				SWIFT_EMIT_LOC_STRINGS = YES;
				SWIFT_VERSION = 5.0;
				TARGETED_DEVICE_FAMILY = "1,2";
			};
			name = Release;
		};
/* End XCBuildConfiguration section */

/* Begin XCConfigurationList section */
		8F7CD9BF2981F4BF00E27DC2 /* Build configuration list for PBXProject "MAPD724-W2023-ICE2-YACHAO" */ = {
			isa = XCConfigurationList;
			buildConfigurations = (
				8F7CD9D92981F4C000E27DC2 /* Debug */,
				8F7CD9DA2981F4C000E27DC2 /* Release */,
			);
			defaultConfigurationIsVisible = 0;
			defaultConfigurationName = Release;
		};
		8F7CD9DB2981F4C000E27DC2 /* Build configuration list for PBXNativeTarget "MAPD724-W2023-ICE2-YACHAO" */ = {
			isa = XCConfigurationList;
			buildConfigurations = (
				8F7CD9DC2981F4C000E27DC2 /* Debug */,
				8F7CD9DD2981F4C000E27DC2 /* Release */,
			);
			defaultConfigurationIsVisible = 0;
			defaultConfigurationName = Release;
		};
/* End XCConfigurationList section */
	};
	rootObject = 8F7CD9BC2981F4BF00E27DC2 /* Project object */;
}
